
Microsoft Visual Studio Solution File, Format Version 12.00
# Visual Studio 15
VisualStudioVersion = 15.0.28307.852
MinimumVisualStudioVersion = 10.0.40219.1
Project("{8BC9CEB8-8B4A-11D0-8D11-00A0C91BC942}") = "Injector", "Injector\Injector.vcxproj", "{B02BFF30-0410-4833-B0F5-6329772D28E6}"
EndProject
Project("{2150E333-8FDC-42A3-9474-1A3956D46DE8}") = "x64", "x64", "{7FB053C0-EF32-4C26-87F7-4FF48B126C4F}"
EndProject
Project("{8BC9CEB8-8B4A-11D0-8D11-00A0C91BC942}") = "Hooks", "Hooks\Hooks.vcxproj", "{EAAD36CD-E7C3-4CCF-9BD9-8E060E0B0D49}"
EndProject
Project("{2150E333-8FDC-42A3-9474-1A3956D46DE8}") = "x32", "x32", "{4044EB98-5C03-4F04-BC4E-91CBD922C011}"
EndProject
Project("{FAE04EC0-301F-11D3-BF4B-00C04F79EFBC}") = "Proxy", "Proxy\Proxy.csproj", "{59F39258-0AFA-49AC-A91A-EBE0F33AB7BB}"
EndProject
Project("{FAE04EC0-301F-11D3-BF4B-00C04F79EFBC}") = "GameMap", "GameMap\GameMap.csproj", "{336A6AA3-C6BB-43C9-AB78-F2C05F9F619E}"
EndProject
Project("{8BC9CEB8-8B4A-11D0-8D11-00A0C91BC942}") = "Hooks32", "Hooks32\Hooks32.vcxproj", "{D9FF8912-1601-47B2-9DC6-4BA726B9AAE6}"
EndProject
Global
	GlobalSection(SolutionConfigurationPlatforms) = preSolution
		Debug|Any CPU = Debug|Any CPU
		Debug|x64 = Debug|x64
		Debug|x86 = Debug|x86
		Release|Any CPU = Release|Any CPU
		Release|x64 = Release|x64
		Release|x86 = Release|x86
	EndGlobalSection
	GlobalSection(ProjectConfigurationPlatforms) = postSolution
		{B02BFF30-0410-4833-B0F5-6329772D28E6}.Debug|Any CPU.ActiveCfg = Debug|x64
		{B02BFF30-0410-4833-B0F5-6329772D28E6}.Debug|x64.ActiveCfg = Debug|x64
		{B02BFF30-0410-4833-B0F5-6329772D28E6}.Debug|x64.Build.0 = Debug|x64
		{B02BFF30-0410-4833-B0F5-6329772D28E6}.Debug|x86.ActiveCfg = Debug|x64
		{B02BFF30-0410-4833-B0F5-6329772D28E6}.Debug|x86.Build.0 = Debug|x64
		{B02BFF30-0410-4833-B0F5-6329772D28E6}.Release|Any CPU.ActiveCfg = Release|Win32
		{B02BFF30-0410-4833-B0F5-6329772D28E6}.Release|x64.ActiveCfg = Release|x64
		{B02BFF30-0410-4833-B0F5-6329772D28E6}.Release|x64.Build.0 = Release|x64
		{B02BFF30-0410-4833-B0F5-6329772D28E6}.Release|x86.ActiveCfg = Release|Win32
		{B02BFF30-0410-4833-B0F5-6329772D28E6}.Release|x86.Build.0 = Release|Win32
		{EAAD36CD-E7C3-4CCF-9BD9-8E060E0B0D49}.Debug|Any CPU.ActiveCfg = Debug|x64
		{EAAD36CD-E7C3-4CCF-9BD9-8E060E0B0D49}.Debug|x64.ActiveCfg = Debug|x64
		{EAAD36CD-E7C3-4CCF-9BD9-8E060E0B0D49}.Debug|x64.Build.0 = Debug|x64
		{EAAD36CD-E7C3-4CCF-9BD9-8E060E0B0D49}.Debug|x86.ActiveCfg = Debug|Win32
		{EAAD36CD-E7C3-4CCF-9BD9-8E060E0B0D49}.Debug|x86.Build.0 = Debug|Win32
		{EAAD36CD-E7C3-4CCF-9BD9-8E060E0B0D49}.Release|Any CPU.ActiveCfg = Release|Win32
		{EAAD36CD-E7C3-4CCF-9BD9-8E060E0B0D49}.Release|x64.ActiveCfg = Release|x64
		{EAAD36CD-E7C3-4CCF-9BD9-8E060E0B0D49}.Release|x64.Build.0 = Release|x64
		{EAAD36CD-E7C3-4CCF-9BD9-8E060E0B0D49}.Release|x86.ActiveCfg = Release|Win32
		{EAAD36CD-E7C3-4CCF-9BD9-8E060E0B0D49}.Release|x86.Build.0 = Release|Win32
		{59F39258-0AFA-49AC-A91A-EBE0F33AB7BB}.Debug|Any CPU.ActiveCfg = Debug|Any CPU
		{59F39258-0AFA-49AC-A91A-EBE0F33AB7BB}.Debug|Any CPU.Build.0 = Debug|Any CPU
		{59F39258-0AFA-49AC-A91A-EBE0F33AB7BB}.Debug|x64.ActiveCfg = Debug|Any CPU
		{59F39258-0AFA-49AC-A91A-EBE0F33AB7BB}.Debug|x64.Build.0 = Debug|Any CPU
		{59F39258-0AFA-49AC-A91A-EBE0F33AB7BB}.Debug|x86.ActiveCfg = Debug|Any CPU
		{59F39258-0AFA-49AC-A91A-EBE0F33AB7BB}.Debug|x86.Build.0 = Debug|Any CPU
		{59F39258-0AFA-49AC-A91A-EBE0F33AB7BB}.Release|Any CPU.ActiveCfg = Release|Any CPU
		{59F39258-0AFA-49AC-A91A-EBE0F33AB7BB}.Release|Any CPU.Build.0 = Release|Any CPU
		{59F39258-0AFA-49AC-A91A-EBE0F33AB7BB}.Release|x64.ActiveCfg = Release|Any CPU
		{59F39258-0AFA-49AC-A91A-EBE0F33AB7BB}.Release|x64.Build.0 = Release|Any CPU
		{59F39258-0AFA-49AC-A91A-EBE0F33AB7BB}.Release|x86.ActiveCfg = Release|Any CPU
		{59F39258-0AFA-49AC-A91A-EBE0F33AB7BB}.Release|x86.Build.0 = Release|Any CPU
		{336A6AA3-C6BB-43C9-AB78-F2C05F9F619E}.Debug|Any CPU.ActiveCfg = Debug|Any CPU
		{336A6AA3-C6BB-43C9-AB78-F2C05F9F619E}.Debug|Any CPU.Build.0 = Debug|Any CPU
		{336A6AA3-C6BB-43C9-AB78-F2C05F9F619E}.Debug|x64.ActiveCfg = Debug|Any CPU
		{336A6AA3-C6BB-43C9-AB78-F2C05F9F619E}.Debug|x64.Build.0 = Debug|Any CPU
		{336A6AA3-C6BB-43C9-AB78-F2C05F9F619E}.Debug|x86.ActiveCfg = Debug|Any CPU
		{336A6AA3-C6BB-43C9-AB78-F2C05F9F619E}.Debug|x86.Build.0 = Debug|Any CPU
		{336A6AA3-C6BB-43C9-AB78-F2C05F9F619E}.Release|Any CPU.ActiveCfg = Release|Any CPU
		{336A6AA3-C6BB-43C9-AB78-F2C05F9F619E}.Release|Any CPU.Build.0 = Release|Any CPU
		{336A6AA3-C6BB-43C9-AB78-F2C05F9F619E}.Release|x64.ActiveCfg = Release|Any CPU
		{336A6AA3-C6BB-43C9-AB78-F2C05F9F619E}.Release|x64.Build.0 = Release|Any CPU
		{336A6AA3-C6BB-43C9-AB78-F2C05F9F619E}.Release|x86.ActiveCfg = Release|Any CPU
		{336A6AA3-C6BB-43C9-AB78-F2C05F9F619E}.Release|x86.Build.0 = Release|Any CPU
		{D9FF8912-1601-47B2-9DC6-4BA726B9AAE6}.Debug|Any CPU.ActiveCfg = Debug|Win32
		{D9FF8912-1601-47B2-9DC6-4BA726B9AAE6}.Debug|x64.ActiveCfg = Debug|x64
		{D9FF8912-1601-47B2-9DC6-4BA726B9AAE6}.Debug|x64.Build.0 = Debug|x64
		{D9FF8912-1601-47B2-9DC6-4BA726B9AAE6}.Debug|x86.ActiveCfg = Debug|Win32
		{D9FF8912-1601-47B2-9DC6-4BA726B9AAE6}.Debug|x86.Build.0 = Debug|Win32
		{D9FF8912-1601-47B2-9DC6-4BA726B9AAE6}.Release|Any CPU.ActiveCfg = Release|Win32
		{D9FF8912-1601-47B2-9DC6-4BA726B9AAE6}.Release|x64.ActiveCfg = Release|x64
		{D9FF8912-1601-47B2-9DC6-4BA726B9AAE6}.Release|x64.Build.0 = Release|x64
		{D9FF8912-1601-47B2-9DC6-4BA726B9AAE6}.Release|x86.ActiveCfg = Release|Win32
		{D9FF8912-1601-47B2-9DC6-4BA726B9AAE6}.Release|x86.Build.0 = Release|Win32
	EndGlobalSection
	GlobalSection(SolutionProperties) = preSolution
		HideSolutionNode = FALSE
	EndGlobalSection
	GlobalSection(NestedProjects) = preSolution
		{B02BFF30-0410-4833-B0F5-6329772D28E6} = {7FB053C0-EF32-4C26-87F7-4FF48B126C4F}
		{EAAD36CD-E7C3-4CCF-9BD9-8E060E0B0D49} = {7FB053C0-EF32-4C26-87F7-4FF48B126C4F}
		{D9FF8912-1601-47B2-9DC6-4BA726B9AAE6} = {4044EB98-5C03-4F04-BC4E-91CBD922C011}
	EndGlobalSection
	GlobalSection(ExtensibilityGlobals) = postSolution
		SolutionGuid = {AAB5A64C-8866-4BD1-999E-08E3BE00C05B}
	EndGlobalSection
EndGlobal
